{
  "name": "sample-app",
  "lockfileVersion": 3,
  "packages": {
    "": {
      "name": "sample-app",
      "version": "1.0.0"
    },
    "node_modules/lodash": {
      "version": "4.17.15",
      "resolved": "https://registry.npmjs.org/lodash/-/lodash-4.17.15.tgz"
    },
    "node_modules/minimist": {
      "version": "0.0.8"
    },
    "node_modules/express": {
      "version": "4.17.1"
    }
  }
}
