# THIS IS AN AUTOGENERATED FILE
# yarn lockfile v1

lodash@^4.17.15:
  version "4.17.15"
  resolved "https://registry.yarnpkg.com/lodash/-/lodash-4.17.15.tgz"

"@babel/core@^7.0.0":
  version "7.12.3"
  resolved "https://registry.yarnpkg.com/@babel/core/-/core-7.12.3.tgz"

minimist@0.0.8:
  version "0.0.8"
  resolved "https://registry.yarnpkg.com/minimist/-/minimist-0.0.8.tgz"
